
Microsoft Visual Studio Solution File, Format Version 12.00
# Visual Studio Version 17
VisualStudioVersion = 17.10.35027.167
MinimumVisualStudioVersion = 10.0.40219.1
Project("{FAE04EC0-301F-11D3-BF4B-00C04F79EFBC}") = "mod operatörleri", "mod operatörleri\mod operatörleri.csproj", "{1DB166A1-0726-4A42-A0D4-FA629A991782}"
EndProject
Project("{FAE04EC0-301F-11D3-BF4B-00C04F79EFBC}") = "ConsoleApp1", "ConsoleApp1\ConsoleApp1.csproj", "{91F7E6DD-4240-461F-AC7C-7F709B2F4E57}"
EndProject
Project("{FAE04EC0-301F-11D3-BF4B-00C04F79EFBC}") = "C# Arttırma ve azaltma operatörleri", "C# Arttırma ve azaltma operatörleri\C# Arttırma ve azaltma operatörleri.csproj", "{BCEE23FF-8DCF-4457-97D7-A7917053C65A}"
EndProject
Project("{FAE04EC0-301F-11D3-BF4B-00C04F79EFBC}") = "Eşittir Operatörü", "Eşittir Operatörü\Eşittir Operatörü.csproj", "{D54D47CB-C3CE-4C44-AF71-2E88F1BFAB24}"
EndProject
Project("{FAE04EC0-301F-11D3-BF4B-00C04F79EFBC}") = "Eşit değildir operatörü", "Eşit değildir operatörü\Eşit değildir operatörü.csproj", "{4448AE28-A3FA-4C88-B2AE-AD488FA97604}"
EndProject
Project("{FAE04EC0-301F-11D3-BF4B-00C04F79EFBC}") = "büyüktür ve büyük eşit operatörü", "büyüktür ve büyük eşit operatörü\büyüktür ve büyük eşit operatörü.csproj", "{79FAE3EE-2F46-4C27-9E8A-8F952F1F143A}"
EndProject
Project("{FAE04EC0-301F-11D3-BF4B-00C04F79EFBC}") = "küçüktür ve küçük eşittir operatörü", "küçüktür ve küçük eşittir operatörü\küçüktür ve küçük eşittir operatörü.csproj", "{ED59167F-7CDB-4191-A67F-153A7FD8BF7F}"
EndProject
Project("{FAE04EC0-301F-11D3-BF4B-00C04F79EFBC}") = "VE operatörü", "VE operatörü\VE operatörü.csproj", "{38423C31-B9F2-4005-988D-0F24910AC8C4}"
EndProject
Project("{FAE04EC0-301F-11D3-BF4B-00C04F79EFBC}") = "Veya Operatörü", "Veya Operatörü\Veya Operatörü.csproj", "{1DE7D914-9374-4368-A225-090A7F1251CE}"
EndProject
Project("{FAE04EC0-301F-11D3-BF4B-00C04F79EFBC}") = "değil operatörü", "değil operatörü\değil operatörü.csproj", "{BAD8EC28-8C78-4110-9CF1-87FAE0484D8C}"
EndProject
Project("{FAE04EC0-301F-11D3-BF4B-00C04F79EFBC}") = "EK operatörler", "EK operatörler\EK operatörler.csproj", "{B6177988-3949-47E2-BE0B-F7C1BA0D6F7A}"
EndProject
Project("{FAE04EC0-301F-11D3-BF4B-00C04F79EFBC}") = "breakpoint ve tooltip önemi", "breakpoint ve tooltip önemi\breakpoint ve tooltip önemi.csproj", "{03EB2850-5F88-4356-A4CB-F28F275E6452}"
EndProject
Project("{FAE04EC0-301F-11D3-BF4B-00C04F79EFBC}") = "kullanıcıdan değer alma", "kullanıcıdan değer alma\kullanıcıdan değer alma.csproj", "{E85B788A-338A-478D-9521-6BA5CC2580F3}"
EndProject
Project("{FAE04EC0-301F-11D3-BF4B-00C04F79EFBC}") = "Tür dönüşümleri", "Tür dönüşümleri\Tür dönüşümleri.csproj", "{584074DD-BDAF-40BB-BAE9-E81F90019546}"
EndProject
Project("{FAE04EC0-301F-11D3-BF4B-00C04F79EFBC}") = "Karar Yapıları IF- Else Kontrol Yapıları", "Karar Yapıları IF- Else Kontrol Yapıları\Karar Yapıları IF- Else Kontrol Yapıları.csproj", "{CAAF2AA3-AF4D-4A63-A435-D0EBFBE81052}"
EndProject
Project("{FAE04EC0-301F-11D3-BF4B-00C04F79EFBC}") = "kontrol yapıları örnek soru", "kontrol yapıları örnek soru\kontrol yapıları örnek soru.csproj", "{259AC7E2-1DC2-48C6-97B6-9FA2E89FB2AE}"
EndProject
Project("{FAE04EC0-301F-11D3-BF4B-00C04F79EFBC}") = "mini atm uygulaması", "mini atm uygulaması\mini atm uygulaması.csproj", "{DE970AFF-7283-488D-BC7B-AC90491050C4}"
EndProject
Project("{FAE04EC0-301F-11D3-BF4B-00C04F79EFBC}") = "Beden Kitle indeksi örnek", "Beden Kitle indeksi örnek\Beden Kitle indeksi örnek.csproj", "{ECC96071-9373-4DA3-B3F0-CEF527F3BC04}"
EndProject
Project("{FAE04EC0-301F-11D3-BF4B-00C04F79EFBC}") = "for döngüsü", "for döngüsü\for döngüsü.csproj", "{6CE3D9CC-7BF9-414D-9CEA-BC7C39A979F7}"
EndProject
Project("{FAE04EC0-301F-11D3-BF4B-00C04F79EFBC}") = "iç içe for döngüsü", "iç içe for döngüsü\iç içe for döngüsü.csproj", "{DDF25E0F-D224-4360-A809-50D4D5A65867}"
EndProject
Project("{FAE04EC0-301F-11D3-BF4B-00C04F79EFBC}") = "while döngüsü", "while döngüsü\while döngüsü.csproj", "{D2D72BDF-42C8-4BDD-A080-A101FDB4797A}"
EndProject
Project("{FAE04EC0-301F-11D3-BF4B-00C04F79EFBC}") = "do while döngüsü", "do while döngüsü\do while döngüsü.csproj", "{FC709E57-3A87-4ACF-A0AC-B9CF9ADC2492}"
EndProject
Project("{FAE04EC0-301F-11D3-BF4B-00C04F79EFBC}") = "break ve continue", "break ve continue\break ve continue.csproj", "{0A0B7E13-7341-431B-9BF2-A46528E95D57}"
EndProject
Project("{FAE04EC0-301F-11D3-BF4B-00C04F79EFBC}") = "çarpım tablosu örneği", "çarpım tablosu örneği\çarpım tablosu örneği.csproj", "{7B492E56-85F5-4A72-81AF-3149A31CE254}"
EndProject
Project("{FAE04EC0-301F-11D3-BF4B-00C04F79EFBC}") = "Giriş Uygulaması", "Giriş Uygulaması\Giriş Uygulaması.csproj", "{C4FFE1D1-3293-4B23-80AA-16FCC9578A66}"
EndProject
Project("{FAE04EC0-301F-11D3-BF4B-00C04F79EFBC}") = "diziler", "diziler\diziler.csproj", "{08B1C0A8-46CB-40C2-A876-37075B013A3C}"
EndProject
Project("{FAE04EC0-301F-11D3-BF4B-00C04F79EFBC}") = "dizinin elemanlarını kullanıcıdan al", "dizinin elemanlarını kullanıcıdan al\dizinin elemanlarını kullanıcıdan al.csproj", "{58986560-E00F-43EA-92BE-7E3CDDCBEF05}"
EndProject
Project("{FAE04EC0-301F-11D3-BF4B-00C04F79EFBC}") = "foreach döngüsü", "foreach döngüsü\foreach döngüsü.csproj", "{0848949A-9D0E-4599-AA74-20F59B458FB4}"
EndProject
Project("{FAE04EC0-301F-11D3-BF4B-00C04F79EFBC}") = "diziler örnek1", "diziler örnek1\diziler örnek1.csproj", "{59E2A7C3-7619-46E0-9ED2-9BEC33BF7FAC}"
EndProject
Project("{FAE04EC0-301F-11D3-BF4B-00C04F79EFBC}") = "örnek1", "örnek1\örnek1.csproj", "{E02EDF63-3432-4EB0-BB91-3874A71159B7}"
EndProject
Project("{FAE04EC0-301F-11D3-BF4B-00C04F79EFBC}") = "metot oluşturma", "metot oluşturma\metot oluşturma.csproj", "{0BE4E37C-32CD-4B6D-A423-49DA90F748B9}"
EndProject
Project("{FAE04EC0-301F-11D3-BF4B-00C04F79EFBC}") = "Parametreli metot oluşturma", "Parametreli metot oluşturma\Parametreli metot oluşturma.csproj", "{27781938-9D19-4C6C-846E-18C7E659E223}"
EndProject
Project("{FAE04EC0-301F-11D3-BF4B-00C04F79EFBC}") = "dönüş ile değer döndürme", "dönüş ile değer döndürme\dönüş ile değer döndürme.csproj", "{4C55CE4A-5F70-4820-BE4F-3EC4899D3952}"
EndProject
Project("{FAE04EC0-301F-11D3-BF4B-00C04F79EFBC}") = "metot örnek", "metot örnek\metot örnek.csproj", "{F7C1270B-2CCB-4E47-B792-517AC92E53FB}"
EndProject
Project("{FAE04EC0-301F-11D3-BF4B-00C04F79EFBC}") = "input olarak alınan sayi tek mi cift mi", "input olarak alınan sayi tek mi cift mi\input olarak alınan sayi tek mi cift mi.csproj", "{F19407AA-87C2-465E-8D25-48DFD5F6E833}"
EndProject
Project("{FAE04EC0-301F-11D3-BF4B-00C04F79EFBC}") = "Sınıf oluşturma", "Sınıf oluşturma\Sınıf oluşturma.csproj", "{EC4CBE85-78F8-43D6-A60C-CDC21B47C45A}"
EndProject
Global
	GlobalSection(SolutionConfigurationPlatforms) = preSolution
		Debug|Any CPU = Debug|Any CPU
		Release|Any CPU = Release|Any CPU
	EndGlobalSection
	GlobalSection(ProjectConfigurationPlatforms) = postSolution
		{1DB166A1-0726-4A42-A0D4-FA629A991782}.Debug|Any CPU.ActiveCfg = Debug|Any CPU
		{1DB166A1-0726-4A42-A0D4-FA629A991782}.Debug|Any CPU.Build.0 = Debug|Any CPU
		{1DB166A1-0726-4A42-A0D4-FA629A991782}.Release|Any CPU.ActiveCfg = Release|Any CPU
		{1DB166A1-0726-4A42-A0D4-FA629A991782}.Release|Any CPU.Build.0 = Release|Any CPU
		{91F7E6DD-4240-461F-AC7C-7F709B2F4E57}.Debug|Any CPU.ActiveCfg = Debug|Any CPU
		{91F7E6DD-4240-461F-AC7C-7F709B2F4E57}.Debug|Any CPU.Build.0 = Debug|Any CPU
		{91F7E6DD-4240-461F-AC7C-7F709B2F4E57}.Release|Any CPU.ActiveCfg = Release|Any CPU
		{91F7E6DD-4240-461F-AC7C-7F709B2F4E57}.Release|Any CPU.Build.0 = Release|Any CPU
		{BCEE23FF-8DCF-4457-97D7-A7917053C65A}.Debug|Any CPU.ActiveCfg = Debug|Any CPU
		{BCEE23FF-8DCF-4457-97D7-A7917053C65A}.Debug|Any CPU.Build.0 = Debug|Any CPU
		{BCEE23FF-8DCF-4457-97D7-A7917053C65A}.Release|Any CPU.ActiveCfg = Release|Any CPU
		{BCEE23FF-8DCF-4457-97D7-A7917053C65A}.Release|Any CPU.Build.0 = Release|Any CPU
		{D54D47CB-C3CE-4C44-AF71-2E88F1BFAB24}.Debug|Any CPU.ActiveCfg = Debug|Any CPU
		{D54D47CB-C3CE-4C44-AF71-2E88F1BFAB24}.Debug|Any CPU.Build.0 = Debug|Any CPU
		{D54D47CB-C3CE-4C44-AF71-2E88F1BFAB24}.Release|Any CPU.ActiveCfg = Release|Any CPU
		{D54D47CB-C3CE-4C44-AF71-2E88F1BFAB24}.Release|Any CPU.Build.0 = Release|Any CPU
		{4448AE28-A3FA-4C88-B2AE-AD488FA97604}.Debug|Any CPU.ActiveCfg = Debug|Any CPU
		{4448AE28-A3FA-4C88-B2AE-AD488FA97604}.Debug|Any CPU.Build.0 = Debug|Any CPU
		{4448AE28-A3FA-4C88-B2AE-AD488FA97604}.Release|Any CPU.ActiveCfg = Release|Any CPU
		{4448AE28-A3FA-4C88-B2AE-AD488FA97604}.Release|Any CPU.Build.0 = Release|Any CPU
		{79FAE3EE-2F46-4C27-9E8A-8F952F1F143A}.Debug|Any CPU.ActiveCfg = Debug|Any CPU
		{79FAE3EE-2F46-4C27-9E8A-8F952F1F143A}.Debug|Any CPU.Build.0 = Debug|Any CPU
		{79FAE3EE-2F46-4C27-9E8A-8F952F1F143A}.Release|Any CPU.ActiveCfg = Release|Any CPU
		{79FAE3EE-2F46-4C27-9E8A-8F952F1F143A}.Release|Any CPU.Build.0 = Release|Any CPU
		{ED59167F-7CDB-4191-A67F-153A7FD8BF7F}.Debug|Any CPU.ActiveCfg = Debug|Any CPU
		{ED59167F-7CDB-4191-A67F-153A7FD8BF7F}.Debug|Any CPU.Build.0 = Debug|Any CPU
		{ED59167F-7CDB-4191-A67F-153A7FD8BF7F}.Release|Any CPU.ActiveCfg = Release|Any CPU
		{ED59167F-7CDB-4191-A67F-153A7FD8BF7F}.Release|Any CPU.Build.0 = Release|Any CPU
		{38423C31-B9F2-4005-988D-0F24910AC8C4}.Debug|Any CPU.ActiveCfg = Debug|Any CPU
		{38423C31-B9F2-4005-988D-0F24910AC8C4}.Debug|Any CPU.Build.0 = Debug|Any CPU
		{38423C31-B9F2-4005-988D-0F24910AC8C4}.Release|Any CPU.ActiveCfg = Release|Any CPU
		{38423C31-B9F2-4005-988D-0F24910AC8C4}.Release|Any CPU.Build.0 = Release|Any CPU
		{1DE7D914-9374-4368-A225-090A7F1251CE}.Debug|Any CPU.ActiveCfg = Debug|Any CPU
		{1DE7D914-9374-4368-A225-090A7F1251CE}.Debug|Any CPU.Build.0 = Debug|Any CPU
		{1DE7D914-9374-4368-A225-090A7F1251CE}.Release|Any CPU.ActiveCfg = Release|Any CPU
		{1DE7D914-9374-4368-A225-090A7F1251CE}.Release|Any CPU.Build.0 = Release|Any CPU
		{BAD8EC28-8C78-4110-9CF1-87FAE0484D8C}.Debug|Any CPU.ActiveCfg = Debug|Any CPU
		{BAD8EC28-8C78-4110-9CF1-87FAE0484D8C}.Debug|Any CPU.Build.0 = Debug|Any CPU
		{BAD8EC28-8C78-4110-9CF1-87FAE0484D8C}.Release|Any CPU.ActiveCfg = Release|Any CPU
		{BAD8EC28-8C78-4110-9CF1-87FAE0484D8C}.Release|Any CPU.Build.0 = Release|Any CPU
		{B6177988-3949-47E2-BE0B-F7C1BA0D6F7A}.Debug|Any CPU.ActiveCfg = Debug|Any CPU
		{B6177988-3949-47E2-BE0B-F7C1BA0D6F7A}.Debug|Any CPU.Build.0 = Debug|Any CPU
		{B6177988-3949-47E2-BE0B-F7C1BA0D6F7A}.Release|Any CPU.ActiveCfg = Release|Any CPU
		{B6177988-3949-47E2-BE0B-F7C1BA0D6F7A}.Release|Any CPU.Build.0 = Release|Any CPU
		{03EB2850-5F88-4356-A4CB-F28F275E6452}.Debug|Any CPU.ActiveCfg = Debug|Any CPU
		{03EB2850-5F88-4356-A4CB-F28F275E6452}.Debug|Any CPU.Build.0 = Debug|Any CPU
		{03EB2850-5F88-4356-A4CB-F28F275E6452}.Release|Any CPU.ActiveCfg = Release|Any CPU
		{03EB2850-5F88-4356-A4CB-F28F275E6452}.Release|Any CPU.Build.0 = Release|Any CPU
		{E85B788A-338A-478D-9521-6BA5CC2580F3}.Debug|Any CPU.ActiveCfg = Debug|Any CPU
		{E85B788A-338A-478D-9521-6BA5CC2580F3}.Debug|Any CPU.Build.0 = Debug|Any CPU
		{E85B788A-338A-478D-9521-6BA5CC2580F3}.Release|Any CPU.ActiveCfg = Release|Any CPU
		{E85B788A-338A-478D-9521-6BA5CC2580F3}.Release|Any CPU.Build.0 = Release|Any CPU
		{584074DD-BDAF-40BB-BAE9-E81F90019546}.Debug|Any CPU.ActiveCfg = Debug|Any CPU
		{584074DD-BDAF-40BB-BAE9-E81F90019546}.Debug|Any CPU.Build.0 = Debug|Any CPU
		{584074DD-BDAF-40BB-BAE9-E81F90019546}.Release|Any CPU.ActiveCfg = Release|Any CPU
		{584074DD-BDAF-40BB-BAE9-E81F90019546}.Release|Any CPU.Build.0 = Release|Any CPU
		{CAAF2AA3-AF4D-4A63-A435-D0EBFBE81052}.Debug|Any CPU.ActiveCfg = Debug|Any CPU
		{CAAF2AA3-AF4D-4A63-A435-D0EBFBE81052}.Debug|Any CPU.Build.0 = Debug|Any CPU
		{CAAF2AA3-AF4D-4A63-A435-D0EBFBE81052}.Release|Any CPU.ActiveCfg = Release|Any CPU
		{CAAF2AA3-AF4D-4A63-A435-D0EBFBE81052}.Release|Any CPU.Build.0 = Release|Any CPU
		{259AC7E2-1DC2-48C6-97B6-9FA2E89FB2AE}.Debug|Any CPU.ActiveCfg = Debug|Any CPU
		{259AC7E2-1DC2-48C6-97B6-9FA2E89FB2AE}.Debug|Any CPU.Build.0 = Debug|Any CPU
		{259AC7E2-1DC2-48C6-97B6-9FA2E89FB2AE}.Release|Any CPU.ActiveCfg = Release|Any CPU
		{259AC7E2-1DC2-48C6-97B6-9FA2E89FB2AE}.Release|Any CPU.Build.0 = Release|Any CPU
		{DE970AFF-7283-488D-BC7B-AC90491050C4}.Debug|Any CPU.ActiveCfg = Debug|Any CPU
		{DE970AFF-7283-488D-BC7B-AC90491050C4}.Debug|Any CPU.Build.0 = Debug|Any CPU
		{DE970AFF-7283-488D-BC7B-AC90491050C4}.Release|Any CPU.ActiveCfg = Release|Any CPU
		{DE970AFF-7283-488D-BC7B-AC90491050C4}.Release|Any CPU.Build.0 = Release|Any CPU
		{ECC96071-9373-4DA3-B3F0-CEF527F3BC04}.Debug|Any CPU.ActiveCfg = Debug|Any CPU
		{ECC96071-9373-4DA3-B3F0-CEF527F3BC04}.Debug|Any CPU.Build.0 = Debug|Any CPU
		{ECC96071-9373-4DA3-B3F0-CEF527F3BC04}.Release|Any CPU.ActiveCfg = Release|Any CPU
		{ECC96071-9373-4DA3-B3F0-CEF527F3BC04}.Release|Any CPU.Build.0 = Release|Any CPU
		{6CE3D9CC-7BF9-414D-9CEA-BC7C39A979F7}.Debug|Any CPU.ActiveCfg = Debug|Any CPU
		{6CE3D9CC-7BF9-414D-9CEA-BC7C39A979F7}.Debug|Any CPU.Build.0 = Debug|Any CPU
		{6CE3D9CC-7BF9-414D-9CEA-BC7C39A979F7}.Release|Any CPU.ActiveCfg = Release|Any CPU
		{6CE3D9CC-7BF9-414D-9CEA-BC7C39A979F7}.Release|Any CPU.Build.0 = Release|Any CPU
		{DDF25E0F-D224-4360-A809-50D4D5A65867}.Debug|Any CPU.ActiveCfg = Debug|Any CPU
		{DDF25E0F-D224-4360-A809-50D4D5A65867}.Debug|Any CPU.Build.0 = Debug|Any CPU
		{DDF25E0F-D224-4360-A809-50D4D5A65867}.Release|Any CPU.ActiveCfg = Release|Any CPU
		{DDF25E0F-D224-4360-A809-50D4D5A65867}.Release|Any CPU.Build.0 = Release|Any CPU
		{D2D72BDF-42C8-4BDD-A080-A101FDB4797A}.Debug|Any CPU.ActiveCfg = Debug|Any CPU
		{D2D72BDF-42C8-4BDD-A080-A101FDB4797A}.Debug|Any CPU.Build.0 = Debug|Any CPU
		{D2D72BDF-42C8-4BDD-A080-A101FDB4797A}.Release|Any CPU.ActiveCfg = Release|Any CPU
		{D2D72BDF-42C8-4BDD-A080-A101FDB4797A}.Release|Any CPU.Build.0 = Release|Any CPU
		{FC709E57-3A87-4ACF-A0AC-B9CF9ADC2492}.Debug|Any CPU.ActiveCfg = Debug|Any CPU
		{FC709E57-3A87-4ACF-A0AC-B9CF9ADC2492}.Debug|Any CPU.Build.0 = Debug|Any CPU
		{FC709E57-3A87-4ACF-A0AC-B9CF9ADC2492}.Release|Any CPU.ActiveCfg = Release|Any CPU
		{FC709E57-3A87-4ACF-A0AC-B9CF9ADC2492}.Release|Any CPU.Build.0 = Release|Any CPU
		{0A0B7E13-7341-431B-9BF2-A46528E95D57}.Debug|Any CPU.ActiveCfg = Debug|Any CPU
		{0A0B7E13-7341-431B-9BF2-A46528E95D57}.Debug|Any CPU.Build.0 = Debug|Any CPU
		{0A0B7E13-7341-431B-9BF2-A46528E95D57}.Release|Any CPU.ActiveCfg = Release|Any CPU
		{0A0B7E13-7341-431B-9BF2-A46528E95D57}.Release|Any CPU.Build.0 = Release|Any CPU
		{7B492E56-85F5-4A72-81AF-3149A31CE254}.Debug|Any CPU.ActiveCfg = Debug|Any CPU
		{7B492E56-85F5-4A72-81AF-3149A31CE254}.Debug|Any CPU.Build.0 = Debug|Any CPU
		{7B492E56-85F5-4A72-81AF-3149A31CE254}.Release|Any CPU.ActiveCfg = Release|Any CPU
		{7B492E56-85F5-4A72-81AF-3149A31CE254}.Release|Any CPU.Build.0 = Release|Any CPU
		{C4FFE1D1-3293-4B23-80AA-16FCC9578A66}.Debug|Any CPU.ActiveCfg = Debug|Any CPU
		{C4FFE1D1-3293-4B23-80AA-16FCC9578A66}.Debug|Any CPU.Build.0 = Debug|Any CPU
		{C4FFE1D1-3293-4B23-80AA-16FCC9578A66}.Release|Any CPU.ActiveCfg = Release|Any CPU
		{C4FFE1D1-3293-4B23-80AA-16FCC9578A66}.Release|Any CPU.Build.0 = Release|Any CPU
		{08B1C0A8-46CB-40C2-A876-37075B013A3C}.Debug|Any CPU.ActiveCfg = Debug|Any CPU
		{08B1C0A8-46CB-40C2-A876-37075B013A3C}.Debug|Any CPU.Build.0 = Debug|Any CPU
		{08B1C0A8-46CB-40C2-A876-37075B013A3C}.Release|Any CPU.ActiveCfg = Release|Any CPU
		{08B1C0A8-46CB-40C2-A876-37075B013A3C}.Release|Any CPU.Build.0 = Release|Any CPU
		{58986560-E00F-43EA-92BE-7E3CDDCBEF05}.Debug|Any CPU.ActiveCfg = Debug|Any CPU
		{58986560-E00F-43EA-92BE-7E3CDDCBEF05}.Debug|Any CPU.Build.0 = Debug|Any CPU
		{58986560-E00F-43EA-92BE-7E3CDDCBEF05}.Release|Any CPU.ActiveCfg = Release|Any CPU
		{58986560-E00F-43EA-92BE-7E3CDDCBEF05}.Release|Any CPU.Build.0 = Release|Any CPU
		{0848949A-9D0E-4599-AA74-20F59B458FB4}.Debug|Any CPU.ActiveCfg = Debug|Any CPU
		{0848949A-9D0E-4599-AA74-20F59B458FB4}.Debug|Any CPU.Build.0 = Debug|Any CPU
		{0848949A-9D0E-4599-AA74-20F59B458FB4}.Release|Any CPU.ActiveCfg = Release|Any CPU
		{0848949A-9D0E-4599-AA74-20F59B458FB4}.Release|Any CPU.Build.0 = Release|Any CPU
		{59E2A7C3-7619-46E0-9ED2-9BEC33BF7FAC}.Debug|Any CPU.ActiveCfg = Debug|Any CPU
		{59E2A7C3-7619-46E0-9ED2-9BEC33BF7FAC}.Debug|Any CPU.Build.0 = Debug|Any CPU
		{59E2A7C3-7619-46E0-9ED2-9BEC33BF7FAC}.Release|Any CPU.ActiveCfg = Release|Any CPU
		{59E2A7C3-7619-46E0-9ED2-9BEC33BF7FAC}.Release|Any CPU.Build.0 = Release|Any CPU
		{E02EDF63-3432-4EB0-BB91-3874A71159B7}.Debug|Any CPU.ActiveCfg = Debug|Any CPU
		{E02EDF63-3432-4EB0-BB91-3874A71159B7}.Debug|Any CPU.Build.0 = Debug|Any CPU
		{E02EDF63-3432-4EB0-BB91-3874A71159B7}.Release|Any CPU.ActiveCfg = Release|Any CPU
		{E02EDF63-3432-4EB0-BB91-3874A71159B7}.Release|Any CPU.Build.0 = Release|Any CPU
		{0BE4E37C-32CD-4B6D-A423-49DA90F748B9}.Debug|Any CPU.ActiveCfg = Debug|Any CPU
		{0BE4E37C-32CD-4B6D-A423-49DA90F748B9}.Debug|Any CPU.Build.0 = Debug|Any CPU
		{0BE4E37C-32CD-4B6D-A423-49DA90F748B9}.Release|Any CPU.ActiveCfg = Release|Any CPU
		{0BE4E37C-32CD-4B6D-A423-49DA90F748B9}.Release|Any CPU.Build.0 = Release|Any CPU
		{27781938-9D19-4C6C-846E-18C7E659E223}.Debug|Any CPU.ActiveCfg = Debug|Any CPU
		{27781938-9D19-4C6C-846E-18C7E659E223}.Debug|Any CPU.Build.0 = Debug|Any CPU
		{27781938-9D19-4C6C-846E-18C7E659E223}.Release|Any CPU.ActiveCfg = Release|Any CPU
		{27781938-9D19-4C6C-846E-18C7E659E223}.Release|Any CPU.Build.0 = Release|Any CPU
		{4C55CE4A-5F70-4820-BE4F-3EC4899D3952}.Debug|Any CPU.ActiveCfg = Debug|Any CPU
		{4C55CE4A-5F70-4820-BE4F-3EC4899D3952}.Debug|Any CPU.Build.0 = Debug|Any CPU
		{4C55CE4A-5F70-4820-BE4F-3EC4899D3952}.Release|Any CPU.ActiveCfg = Release|Any CPU
		{4C55CE4A-5F70-4820-BE4F-3EC4899D3952}.Release|Any CPU.Build.0 = Release|Any CPU
		{F7C1270B-2CCB-4E47-B792-517AC92E53FB}.Debug|Any CPU.ActiveCfg = Debug|Any CPU
		{F7C1270B-2CCB-4E47-B792-517AC92E53FB}.Debug|Any CPU.Build.0 = Debug|Any CPU
		{F7C1270B-2CCB-4E47-B792-517AC92E53FB}.Release|Any CPU.ActiveCfg = Release|Any CPU
		{F7C1270B-2CCB-4E47-B792-517AC92E53FB}.Release|Any CPU.Build.0 = Release|Any CPU
		{F19407AA-87C2-465E-8D25-48DFD5F6E833}.Debug|Any CPU.ActiveCfg = Debug|Any CPU
		{F19407AA-87C2-465E-8D25-48DFD5F6E833}.Debug|Any CPU.Build.0 = Debug|Any CPU
		{F19407AA-87C2-465E-8D25-48DFD5F6E833}.Release|Any CPU.ActiveCfg = Release|Any CPU
		{F19407AA-87C2-465E-8D25-48DFD5F6E833}.Release|Any CPU.Build.0 = Release|Any CPU
		{EC4CBE85-78F8-43D6-A60C-CDC21B47C45A}.Debug|Any CPU.ActiveCfg = Debug|Any CPU
		{EC4CBE85-78F8-43D6-A60C-CDC21B47C45A}.Debug|Any CPU.Build.0 = Debug|Any CPU
		{EC4CBE85-78F8-43D6-A60C-CDC21B47C45A}.Release|Any CPU.ActiveCfg = Release|Any CPU
		{EC4CBE85-78F8-43D6-A60C-CDC21B47C45A}.Release|Any CPU.Build.0 = Release|Any CPU
	EndGlobalSection
	GlobalSection(SolutionProperties) = preSolution
		HideSolutionNode = FALSE
	EndGlobalSection
	GlobalSection(ExtensibilityGlobals) = postSolution
		SolutionGuid = {825B7B7B-0342-492C-9D1D-789691C74AF6}
	EndGlobalSection
EndGlobal
